
Microsoft Visual Studio Solution File, Format Version 12.00
# Visual Studio Version 17
VisualStudioVersion = 17.14.36408.4 d17.14
MinimumVisualStudioVersion = 10.0.40219.1
Project("{FAE04EC0-301F-11D3-BF4B-00C04F79EFBC}") = "Mini-Project", "Mini-Project\Mini-Project.csproj", "{38D86572-D159-46DF-BB39-6E3F3546B02E}"
EndProject
Global
	GlobalSection(SolutionConfigurationPlatforms) = preSolution
		Debug|Any CPU = Debug|Any CPU
		Release|Any CPU = Release|Any CPU
	EndGlobalSection
	GlobalSection(ProjectConfigurationPlatforms) = postSolution
		{38D86572-D159-46DF-BB39-6E3F3546B02E}.Debug|Any CPU.ActiveCfg = Debug|Any CPU
		{38D86572-D159-46DF-BB39-6E3F3546B02E}.Debug|Any CPU.Build.0 = Debug|Any CPU
		{38D86572-D159-46DF-BB39-6E3F3546B02E}.Release|Any CPU.ActiveCfg = Release|Any CPU
		{38D86572-D159-46DF-BB39-6E3F3546B02E}.Release|Any CPU.Build.0 = Release|Any CPU
	EndGlobalSection
	GlobalSection(SolutionProperties) = preSolution
		HideSolutionNode = FALSE
	EndGlobalSection
	GlobalSection(ExtensibilityGlobals) = postSolution
		SolutionGuid = {2D149B3E-E978-44DC-A609-5FB985C8CBB6}
	EndGlobalSection
EndGlobal
